// !$*UTF8*$!
{
	archiveVersion = 1;
	classes = {
	};
	objectVersion = 48;
	objects = {

/* Begin PBXBuildFile section */
		263CA3C064C6B635396FA402 /* Pods_Virtual_Tourist.framework in Frameworks */ = {isa = PBXBuildFile; fileRef = C37B1EB2AEA00E1CBF4183FE /* Pods_Virtual_Tourist.framework */; };
		EC5901DA20C9A64800CA3388 /* AppDelegate.swift in Sources */ = {isa = PBXBuildFile; fileRef = EC5901D920C9A64800CA3388 /* AppDelegate.swift */; };
		EC5901DC20C9A64800CA3388 /* ViewController.swift in Sources */ = {isa = PBXBuildFile; fileRef = EC5901DB20C9A64800CA3388 /* ViewController.swift */; };
		EC5901DF20C9A64800CA3388 /* Main.storyboard in Resources */ = {isa = PBXBuildFile; fileRef = EC5901DD20C9A64800CA3388 /* Main.storyboard */; };
		EC5901E220C9A64800CA3388 /* Virtual_Tourist.xcdatamodeld in Sources */ = {isa = PBXBuildFile; fileRef = EC5901E020C9A64800CA3388 /* Virtual_Tourist.xcdatamodeld */; };
		EC5901E420C9A64800CA3388 /* Assets.xcassets in Resources */ = {isa = PBXBuildFile; fileRef = EC5901E320C9A64800CA3388 /* Assets.xcassets */; };
		EC5901E720C9A64800CA3388 /* LaunchScreen.storyboard in Resources */ = {isa = PBXBuildFile; fileRef = EC5901E520C9A64800CA3388 /* LaunchScreen.storyboard */; };
		EC5901F620CF160E00CA3388 /* PhotosViewController.swift in Sources */ = {isa = PBXBuildFile; fileRef = EC5901F520CF160E00CA3388 /* PhotosViewController.swift */; };
		EC5901F920CF179D00CA3388 /* DestinationCoordinates.swift in Sources */ = {isa = PBXBuildFile; fileRef = EC5901F820CF179D00CA3388 /* DestinationCoordinates.swift */; };
		EC5901FB20CF267400CA3388 /* FlickrAPI.swift in Sources */ = {isa = PBXBuildFile; fileRef = EC5901FA20CF267400CA3388 /* FlickrAPI.swift */; };
		EC5901FD20CF2E3D00CA3388 /* FlickrConstants.swift in Sources */ = {isa = PBXBuildFile; fileRef = EC5901FC20CF2E3D00CA3388 /* FlickrConstants.swift */; };
		EC5901FF20D0704400CA3388 /* FlickrPhotosData.swift in Sources */ = {isa = PBXBuildFile; fileRef = EC5901FE20D0704400CA3388 /* FlickrPhotosData.swift */; };
		ECA98B7E2114FDD60005CFB8 /* CoreDataEntitiesGeneration.swift in Sources */ = {isa = PBXBuildFile; fileRef = ECA98B7D2114FDD60005CFB8 /* CoreDataEntitiesGeneration.swift */; };
		ECF0ADEF20D1CB2300FB9AFE /* PhotosCollectionViewCell.swift in Sources */ = {isa = PBXBuildFile; fileRef = ECF0ADEE20D1CB2300FB9AFE /* PhotosCollectionViewCell.swift */; };
/* End PBXBuildFile section */

/* Begin PBXFileReference section */
		3FAAC3A11DFA37E67146E608 /* Pods-Virtual Tourist.debug.xcconfig */ = {isa = PBXFileReference; includeInIndex = 1; lastKnownFileType = text.xcconfig; name = "Pods-Virtual Tourist.debug.xcconfig"; path = "Pods/Target Support Files/Pods-Virtual Tourist/Pods-Virtual Tourist.debug.xcconfig"; sourceTree = "<group>"; };
		601EB208760B82932C0BDA7C /* Pods-Virtual Tourist.release.xcconfig */ = {isa = PBXFileReference; includeInIndex = 1; lastKnownFileType = text.xcconfig; name = "Pods-Virtual Tourist.release.xcconfig"; path = "Pods/Target Support Files/Pods-Virtual Tourist/Pods-Virtual Tourist.release.xcconfig"; sourceTree = "<group>"; };
		C37B1EB2AEA00E1CBF4183FE /* Pods_Virtual_Tourist.framework */ = {isa = PBXFileReference; explicitFileType = wrapper.framework; includeInIndex = 0; path = Pods_Virtual_Tourist.framework; sourceTree = BUILT_PRODUCTS_DIR; };
		EC5901D620C9A64800CA3388 /* Virtual Tourist.app */ = {isa = PBXFileReference; explicitFileType = wrapper.application; includeInIndex = 0; path = "Virtual Tourist.app"; sourceTree = BUILT_PRODUCTS_DIR; };
		EC5901D920C9A64800CA3388 /* AppDelegate.swift */ = {isa = PBXFileReference; lastKnownFileType = sourcecode.swift; path = AppDelegate.swift; sourceTree = "<group>"; };
		EC5901DB20C9A64800CA3388 /* ViewController.swift */ = {isa = PBXFileReference; lastKnownFileType = sourcecode.swift; path = ViewController.swift; sourceTree = "<group>"; };
		EC5901DE20C9A64800CA3388 /* Base */ = {isa = PBXFileReference; lastKnownFileType = file.storyboard; name = Base; path = Base.lproj/Main.storyboard; sourceTree = "<group>"; };
		EC5901E120C9A64800CA3388 /* Virtual_Tourist.xcdatamodel */ = {isa = PBXFileReference; lastKnownFileType = wrapper.xcdatamodel; path = Virtual_Tourist.xcdatamodel; sourceTree = "<group>"; };
		EC5901E320C9A64800CA3388 /* Assets.xcassets */ = {isa = PBXFileReference; lastKnownFileType = folder.assetcatalog; path = Assets.xcassets; sourceTree = "<group>"; };
		EC5901E620C9A64800CA3388 /* Base */ = {isa = PBXFileReference; lastKnownFileType = file.storyboard; name = Base; path = Base.lproj/LaunchScreen.storyboard; sourceTree = "<group>"; };
		EC5901E820C9A64800CA3388 /* Info.plist */ = {isa = PBXFileReference; lastKnownFileType = text.plist.xml; path = Info.plist; sourceTree = "<group>"; };
		EC5901F520CF160E00CA3388 /* PhotosViewController.swift */ = {isa = PBXFileReference; lastKnownFileType = sourcecode.swift; path = PhotosViewController.swift; sourceTree = "<group>"; };
		EC5901F820CF179D00CA3388 /* DestinationCoordinates.swift */ = {isa = PBXFileReference; lastKnownFileType = sourcecode.swift; path = DestinationCoordinates.swift; sourceTree = "<group>"; };
		EC5901FA20CF267400CA3388 /* FlickrAPI.swift */ = {isa = PBXFileReference; lastKnownFileType = sourcecode.swift; path = FlickrAPI.swift; sourceTree = "<group>"; };
		EC5901FC20CF2E3D00CA3388 /* FlickrConstants.swift */ = {isa = PBXFileReference; lastKnownFileType = sourcecode.swift; path = FlickrConstants.swift; sourceTree = "<group>"; };
		EC5901FE20D0704400CA3388 /* FlickrPhotosData.swift */ = {isa = PBXFileReference; lastKnownFileType = sourcecode.swift; path = FlickrPhotosData.swift; sourceTree = "<group>"; };
		ECA98B7D2114FDD60005CFB8 /* CoreDataEntitiesGeneration.swift */ = {isa = PBXFileReference; lastKnownFileType = sourcecode.swift; path = CoreDataEntitiesGeneration.swift; sourceTree = "<group>"; };
		ECF0ADEE20D1CB2300FB9AFE /* PhotosCollectionViewCell.swift */ = {isa = PBXFileReference; lastKnownFileType = sourcecode.swift; path = PhotosCollectionViewCell.swift; sourceTree = "<group>"; };
/* End PBXFileReference section */

/* Begin PBXFrameworksBuildPhase section */
		EC5901D320C9A64800CA3388 /* Frameworks */ = {
			isa = PBXFrameworksBuildPhase;
			buildActionMask = 2147483647;
			files = (
				263CA3C064C6B635396FA402 /* Pods_Virtual_Tourist.framework in Frameworks */,
			);
			runOnlyForDeploymentPostprocessing = 0;
		};
/* End PBXFrameworksBuildPhase section */

/* Begin PBXGroup section */
		71312BB2CBC4E0A1F29149BE /* Pods */ = {
			isa = PBXGroup;
			children = (
				3FAAC3A11DFA37E67146E608 /* Pods-Virtual Tourist.debug.xcconfig */,
				601EB208760B82932C0BDA7C /* Pods-Virtual Tourist.release.xcconfig */,
			);
			name = Pods;
			sourceTree = "<group>";
		};
		EC5901CD20C9A64800CA3388 = {
			isa = PBXGroup;
			children = (
				EC5901D820C9A64800CA3388 /* Virtual Tourist */,
				EC5901D720C9A64800CA3388 /* Products */,
				71312BB2CBC4E0A1F29149BE /* Pods */,
				EF44F46BF7BA2D67B427AA49 /* Frameworks */,
			);
			sourceTree = "<group>";
		};
		EC5901D720C9A64800CA3388 /* Products */ = {
			isa = PBXGroup;
			children = (
				EC5901D620C9A64800CA3388 /* Virtual Tourist.app */,
			);
			name = Products;
			sourceTree = "<group>";
		};
		EC5901D820C9A64800CA3388 /* Virtual Tourist */ = {
			isa = PBXGroup;
			children = (
				ECA98B742114D6C80005CFB8 /* FlickrAPI */,
				EC5901F720CF16F800CA3388 /* Model */,
				EC5901F420CF136A00CA3388 /* Controllers */,
				EC5901D920C9A64800CA3388 /* AppDelegate.swift */,
				EC5901DD20C9A64800CA3388 /* Main.storyboard */,
				EC5901E320C9A64800CA3388 /* Assets.xcassets */,
				EC5901E520C9A64800CA3388 /* LaunchScreen.storyboard */,
				EC5901E820C9A64800CA3388 /* Info.plist */,
			);
			path = "Virtual Tourist";
			sourceTree = "<group>";
		};
		EC5901F420CF136A00CA3388 /* Controllers */ = {
			isa = PBXGroup;
			children = (
				EC5901DB20C9A64800CA3388 /* ViewController.swift */,
				ECF0ADEE20D1CB2300FB9AFE /* PhotosCollectionViewCell.swift */,
				EC5901F520CF160E00CA3388 /* PhotosViewController.swift */,
			);
			path = Controllers;
			sourceTree = "<group>";
		};
		EC5901F720CF16F800CA3388 /* Model */ = {
			isa = PBXGroup;
			children = (
				EC5901F820CF179D00CA3388 /* DestinationCoordinates.swift */,
				EC5901FE20D0704400CA3388 /* FlickrPhotosData.swift */,
				EC5901E020C9A64800CA3388 /* Virtual_Tourist.xcdatamodeld */,
				ECA98B7D2114FDD60005CFB8 /* CoreDataEntitiesGeneration.swift */,
			);
			path = Model;
			sourceTree = "<group>";
		};
		ECA98B742114D6C80005CFB8 /* FlickrAPI */ = {
			isa = PBXGroup;
			children = (
				EC5901FA20CF267400CA3388 /* FlickrAPI.swift */,
				EC5901FC20CF2E3D00CA3388 /* FlickrConstants.swift */,
			);
			path = FlickrAPI;
			sourceTree = "<group>";
		};
		EF44F46BF7BA2D67B427AA49 /* Frameworks */ = {
			isa = PBXGroup;
			children = (
				C37B1EB2AEA00E1CBF4183FE /* Pods_Virtual_Tourist.framework */,
			);
			name = Frameworks;
			sourceTree = "<group>";
		};
/* End PBXGroup section */

/* Begin PBXNativeTarget section */
		EC5901D520C9A64800CA3388 /* Virtual Tourist */ = {
			isa = PBXNativeTarget;
			buildConfigurationList = EC5901EB20C9A64800CA3388 /* Build configuration list for PBXNativeTarget "Virtual Tourist" */;
			buildPhases = (
				8345502D20DA1CEEC4FAF548 /* [CP] Check Pods Manifest.lock */,
				EC5901D220C9A64800CA3388 /* Sources */,
				EC5901D320C9A64800CA3388 /* Frameworks */,
				EC5901D420C9A64800CA3388 /* Resources */,
				B97D6430C9C5D7425AE756D6 /* [CP] Embed Pods Frameworks */,
				08B44BCEB9432C40A8DDFC5F /* [CP] Copy Pods Resources */,
			);
			buildRules = (
			);
			dependencies = (
			);
			name = "Virtual Tourist";
			productName = "Virtual Tourist";
			productReference = EC5901D620C9A64800CA3388 /* Virtual Tourist.app */;
			productType = "com.apple.product-type.application";
		};
/* End PBXNativeTarget section */

/* Begin PBXProject section */
		EC5901CE20C9A64800CA3388 /* Project object */ = {
			isa = PBXProject;
			attributes = {
				LastSwiftUpdateCheck = 0920;
				LastUpgradeCheck = 0920;
				ORGANIZATIONNAME = "Sai Leung";
				TargetAttributes = {
					EC5901D520C9A64800CA3388 = {
						CreatedOnToolsVersion = 9.2;
						ProvisioningStyle = Automatic;
					};
				};
			};
			buildConfigurationList = EC5901D120C9A64800CA3388 /* Build configuration list for PBXProject "Virtual Tourist" */;
			compatibilityVersion = "Xcode 8.0";
			developmentRegion = en;
			hasScannedForEncodings = 0;
			knownRegions = (
				en,
				Base,
			);
			mainGroup = EC5901CD20C9A64800CA3388;
			productRefGroup = EC5901D720C9A64800CA3388 /* Products */;
			projectDirPath = "";
			projectRoot = "";
			targets = (
				EC5901D520C9A64800CA3388 /* Virtual Tourist */,
			);
		};
/* End PBXProject section */

/* Begin PBXResourcesBuildPhase section */
		EC5901D420C9A64800CA3388 /* Resources */ = {
			isa = PBXResourcesBuildPhase;
			buildActionMask = 2147483647;
			files = (
				EC5901E720C9A64800CA3388 /* LaunchScreen.storyboard in Resources */,
				EC5901E420C9A64800CA3388 /* Assets.xcassets in Resources */,
				EC5901DF20C9A64800CA3388 /* Main.storyboard in Resources */,
			);
			runOnlyForDeploymentPostprocessing = 0;
		};
/* End PBXResourcesBuildPhase section */

/* Begin PBXShellScriptBuildPhase section */
		08B44BCEB9432C40A8DDFC5F /* [CP] Copy Pods Resources */ = {
			isa = PBXShellScriptBuildPhase;
			buildActionMask = 2147483647;
			files = (
			);
			inputPaths = (
			);
			name = "[CP] Copy Pods Resources";
			outputPaths = (
			);
			runOnlyForDeploymentPostprocessing = 0;
			shellPath = /bin/sh;
			shellScript = "\"${SRCROOT}/Pods/Target Support Files/Pods-Virtual Tourist/Pods-Virtual Tourist-resources.sh\"\n";
			showEnvVarsInLog = 0;
		};
		8345502D20DA1CEEC4FAF548 /* [CP] Check Pods Manifest.lock */ = {
			isa = PBXShellScriptBuildPhase;
			buildActionMask = 2147483647;
			files = (
			);
			inputPaths = (
				"${PODS_PODFILE_DIR_PATH}/Podfile.lock",
				"${PODS_ROOT}/Manifest.lock",
			);
			name = "[CP] Check Pods Manifest.lock";
			outputPaths = (
				"$(DERIVED_FILE_DIR)/Pods-Virtual Tourist-checkManifestLockResult.txt",
			);
			runOnlyForDeploymentPostprocessing = 0;
			shellPath = /bin/sh;
			shellScript = "diff \"${PODS_PODFILE_DIR_PATH}/Podfile.lock\" \"${PODS_ROOT}/Manifest.lock\" > /dev/null\nif [ $? != 0 ] ; then\n    # print error to STDERR\n    echo \"error: The sandbox is not in sync with the Podfile.lock. Run 'pod install' or update your CocoaPods installation.\" >&2\n    exit 1\nfi\n# This output is used by Xcode 'outputs' to avoid re-running this script phase.\necho \"SUCCESS\" > \"${SCRIPT_OUTPUT_FILE_0}\"\n";
			showEnvVarsInLog = 0;
		};
		B97D6430C9C5D7425AE756D6 /* [CP] Embed Pods Frameworks */ = {
			isa = PBXShellScriptBuildPhase;
			buildActionMask = 2147483647;
			files = (
			);
			inputPaths = (
				"${SRCROOT}/Pods/Target Support Files/Pods-Virtual Tourist/Pods-Virtual Tourist-frameworks.sh",
				"${BUILT_PRODUCTS_DIR}/SDWebImage/SDWebImage.framework",
			);
			name = "[CP] Embed Pods Frameworks";
			outputPaths = (
				"${TARGET_BUILD_DIR}/${FRAMEWORKS_FOLDER_PATH}/SDWebImage.framework",
			);
			runOnlyForDeploymentPostprocessing = 0;
			shellPath = /bin/sh;
			shellScript = "\"${SRCROOT}/Pods/Target Support Files/Pods-Virtual Tourist/Pods-Virtual Tourist-frameworks.sh\"\n";
			showEnvVarsInLog = 0;
		};
/* End PBXShellScriptBuildPhase section */

/* Begin PBXSourcesBuildPhase section */
		EC5901D220C9A64800CA3388 /* Sources */ = {
			isa = PBXSourcesBuildPhase;
			buildActionMask = 2147483647;
			files = (
				EC5901DC20C9A64800CA3388 /* ViewController.swift in Sources */,
				EC5901FB20CF267400CA3388 /* FlickrAPI.swift in Sources */,
				EC5901F920CF179D00CA3388 /* DestinationCoordinates.swift in Sources */,
				EC5901E220C9A64800CA3388 /* Virtual_Tourist.xcdatamodeld in Sources */,
				EC5901DA20C9A64800CA3388 /* AppDelegate.swift in Sources */,
				EC5901F620CF160E00CA3388 /* PhotosViewController.swift in Sources */,
				EC5901FF20D0704400CA3388 /* FlickrPhotosData.swift in Sources */,
				EC5901FD20CF2E3D00CA3388 /* FlickrConstants.swift in Sources */,
				ECA98B7E2114FDD60005CFB8 /* CoreDataEntitiesGeneration.swift in Sources */,
				ECF0ADEF20D1CB2300FB9AFE /* PhotosCollectionViewCell.swift in Sources */,
			);
			runOnlyForDeploymentPostprocessing = 0;
		};
/* End PBXSourcesBuildPhase section */

/* Begin PBXVariantGroup section */
		EC5901DD20C9A64800CA3388 /* Main.storyboard */ = {
			isa = PBXVariantGroup;
			children = (
				EC5901DE20C9A64800CA3388 /* Base */,
			);
			name = Main.storyboard;
			sourceTree = "<group>";
		};
		EC5901E520C9A64800CA3388 /* LaunchScreen.storyboard */ = {
			isa = PBXVariantGroup;
			children = (
				EC5901E620C9A64800CA3388 /* Base */,
			);
			name = LaunchScreen.storyboard;
			sourceTree = "<group>";
		};
/* End PBXVariantGroup section */

/* Begin XCBuildConfiguration section */
		EC5901E920C9A64800CA3388 /* Debug */ = {
			isa = XCBuildConfiguration;
			buildSettings = {
				ALWAYS_SEARCH_USER_PATHS = NO;
				CLANG_ANALYZER_NONNULL = YES;
				CLANG_ANALYZER_NUMBER_OBJECT_CONVERSION = YES_AGGRESSIVE;
				CLANG_CXX_LANGUAGE_STANDARD = "gnu++14";
				CLANG_CXX_LIBRARY = "libc++";
				CLANG_ENABLE_MODULES = YES;
				CLANG_ENABLE_OBJC_ARC = YES;
				CLANG_WARN_BLOCK_CAPTURE_AUTORELEASING = YES;
				CLANG_WARN_BOOL_CONVERSION = YES;
				CLANG_WARN_COMMA = YES;
				CLANG_WARN_CONSTANT_CONVERSION = YES;
				CLANG_WARN_DIRECT_OBJC_ISA_USAGE = YES_ERROR;
				CLANG_WARN_DOCUMENTATION_COMMENTS = YES;
				CLANG_WARN_EMPTY_BODY = YES;
				CLANG_WARN_ENUM_CONVERSION = YES;
				CLANG_WARN_INFINITE_RECURSION = YES;
				CLANG_WARN_INT_CONVERSION = YES;
				CLANG_WARN_NON_LITERAL_NULL_CONVERSION = YES;
				CLANG_WARN_OBJC_LITERAL_CONVERSION = YES;
				CLANG_WARN_OBJC_ROOT_CLASS = YES_ERROR;
				CLANG_WARN_RANGE_LOOP_ANALYSIS = YES;
				CLANG_WARN_STRICT_PROTOTYPES = YES;
				CLANG_WARN_SUSPICIOUS_MOVE = YES;
				CLANG_WARN_UNGUARDED_AVAILABILITY = YES_AGGRESSIVE;
				CLANG_WARN_UNREACHABLE_CODE = YES;
				CLANG_WARN__DUPLICATE_METHOD_MATCH = YES;
				CODE_SIGN_IDENTITY = "iPhone Developer";
				COPY_PHASE_STRIP = NO;
				DEBUG_INFORMATION_FORMAT = dwarf;
				ENABLE_STRICT_OBJC_MSGSEND = YES;
				ENABLE_TESTABILITY = YES;
				GCC_C_LANGUAGE_STANDARD = gnu11;
				GCC_DYNAMIC_NO_PIC = NO;
				GCC_NO_COMMON_BLOCKS = YES;
				GCC_OPTIMIZATION_LEVEL = 0;
				GCC_PREPROCESSOR_DEFINITIONS = (
					"DEBUG=1",
					"$(inherited)",
				);
				GCC_WARN_64_TO_32_BIT_CONVERSION = YES;
				GCC_WARN_ABOUT_RETURN_TYPE = YES_ERROR;
				GCC_WARN_UNDECLARED_SELECTOR = YES;
				GCC_WARN_UNINITIALIZED_AUTOS = YES_AGGRESSIVE;
				GCC_WARN_UNUSED_FUNCTION = YES;
				GCC_WARN_UNUSED_VARIABLE = YES;
				IPHONEOS_DEPLOYMENT_TARGET = 11.2;
				MTL_ENABLE_DEBUG_INFO = YES;
				ONLY_ACTIVE_ARCH = YES;
				SDKROOT = iphoneos;
				SWIFT_ACTIVE_COMPILATION_CONDITIONS = DEBUG;
				SWIFT_OPTIMIZATION_LEVEL = "-Onone";
			};
			name = Debug;
		};
		EC5901EA20C9A64800CA3388 /* Release */ = {
			isa = XCBuildConfiguration;
			buildSettings = {
				ALWAYS_SEARCH_USER_PATHS = NO;
				CLANG_ANALYZER_NONNULL = YES;
				CLANG_ANALYZER_NUMBER_OBJECT_CONVERSION = YES_AGGRESSIVE;
				CLANG_CXX_LANGUAGE_STANDARD = "gnu++14";
				CLANG_CXX_LIBRARY = "libc++";
				CLANG_ENABLE_MODULES = YES;
				CLANG_ENABLE_OBJC_ARC = YES;
				CLANG_WARN_BLOCK_CAPTURE_AUTORELEASING = YES;
				CLANG_WARN_BOOL_CONVERSION = YES;
				CLANG_WARN_COMMA = YES;
				CLANG_WARN_CONSTANT_CONVERSION = YES;
				CLANG_WARN_DIRECT_OBJC_ISA_USAGE = YES_ERROR;
				CLANG_WARN_DOCUMENTATION_COMMENTS = YES;
				CLANG_WARN_EMPTY_BODY = YES;
				CLANG_WARN_ENUM_CONVERSION = YES;
				CLANG_WARN_INFINITE_RECURSION = YES;
				CLANG_WARN_INT_CONVERSION = YES;
				CLANG_WARN_NON_LITERAL_NULL_CONVERSION = YES;
				CLANG_WARN_OBJC_LITERAL_CONVERSION = YES;
				CLANG_WARN_OBJC_ROOT_CLASS = YES_ERROR;
				CLANG_WARN_RANGE_LOOP_ANALYSIS = YES;
				CLANG_WARN_STRICT_PROTOTYPES = YES;
				CLANG_WARN_SUSPICIOUS_MOVE = YES;
				CLANG_WARN_UNGUARDED_AVAILABILITY = YES_AGGRESSIVE;
				CLANG_WARN_UNREACHABLE_CODE = YES;
				CLANG_WARN__DUPLICATE_METHOD_MATCH = YES;
				CODE_SIGN_IDENTITY = "iPhone Developer";
				COPY_PHASE_STRIP = NO;
				DEBUG_INFORMATION_FORMAT = "dwarf-with-dsym";
				ENABLE_NS_ASSERTIONS = NO;
				ENABLE_STRICT_OBJC_MSGSEND = YES;
				GCC_C_LANGUAGE_STANDARD = gnu11;
				GCC_NO_COMMON_BLOCKS = YES;
				GCC_WARN_64_TO_32_BIT_CONVERSION = YES;
				GCC_WARN_ABOUT_RETURN_TYPE = YES_ERROR;
				GCC_WARN_UNDECLARED_SELECTOR = YES;
				GCC_WARN_UNINITIALIZED_AUTOS = YES_AGGRESSIVE;
				GCC_WARN_UNUSED_FUNCTION = YES;
				GCC_WARN_UNUSED_VARIABLE = YES;
				IPHONEOS_DEPLOYMENT_TARGET = 11.2;
				MTL_ENABLE_DEBUG_INFO = NO;
				SDKROOT = iphoneos;
				SWIFT_OPTIMIZATION_LEVEL = "-Owholemodule";
				VALIDATE_PRODUCT = YES;
			};
			name = Release;
		};
		EC5901EC20C9A64800CA3388 /* Debug */ = {
			isa = XCBuildConfiguration;
			baseConfigurationReference = 3FAAC3A11DFA37E67146E608 /* Pods-Virtual Tourist.debug.xcconfig */;
			buildSettings = {
				ASSETCATALOG_COMPILER_APPICON_NAME = AppIcon;
				CODE_SIGN_STYLE = Automatic;
				DEVELOPMENT_TEAM = V5K99ZV37J;
				INFOPLIST_FILE = "Virtual Tourist/Info.plist";
				LD_RUNPATH_SEARCH_PATHS = "$(inherited) @executable_path/Frameworks";
				PRODUCT_BUNDLE_IDENTIFIER = "com.saileung.Virtual-Tourist";
				PRODUCT_NAME = "$(TARGET_NAME)";
				SWIFT_VERSION = 4.0;
				TARGETED_DEVICE_FAMILY = "1,2";
			};
			name = Debug;
		};
		EC5901ED20C9A64800CA3388 /* Release */ = {
			isa = XCBuildConfiguration;
			baseConfigurationReference = 601EB208760B82932C0BDA7C /* Pods-Virtual Tourist.release.xcconfig */;
			buildSettings = {
				ASSETCATALOG_COMPILER_APPICON_NAME = AppIcon;
				CODE_SIGN_STYLE = Automatic;
				DEVELOPMENT_TEAM = V5K99ZV37J;
				INFOPLIST_FILE = "Virtual Tourist/Info.plist";
				LD_RUNPATH_SEARCH_PATHS = "$(inherited) @executable_path/Frameworks";
				PRODUCT_BUNDLE_IDENTIFIER = "com.saileung.Virtual-Tourist";
				PRODUCT_NAME = "$(TARGET_NAME)";
				SWIFT_VERSION = 4.0;
				TARGETED_DEVICE_FAMILY = "1,2";
			};
			name = Release;
		};
/* End XCBuildConfiguration section */

/* Begin XCConfigurationList section */
		EC5901D120C9A64800CA3388 /* Build configuration list for PBXProject "Virtual Tourist" */ = {
			isa = XCConfigurationList;
			buildConfigurations = (
				EC5901E920C9A64800CA3388 /* Debug */,
				EC5901EA20C9A64800CA3388 /* Release */,
			);
			defaultConfigurationIsVisible = 0;
			defaultConfigurationName = Release;
		};
		EC5901EB20C9A64800CA3388 /* Build configuration list for PBXNativeTarget "Virtual Tourist" */ = {
			isa = XCConfigurationList;
			buildConfigurations = (
				EC5901EC20C9A64800CA3388 /* Debug */,
				EC5901ED20C9A64800CA3388 /* Release */,
			);
			defaultConfigurationIsVisible = 0;
			defaultConfigurationName = Release;
		};
/* End XCConfigurationList section */

/* Begin XCVersionGroup section */
		EC5901E020C9A64800CA3388 /* Virtual_Tourist.xcdatamodeld */ = {
			isa = XCVersionGroup;
			children = (
				EC5901E120C9A64800CA3388 /* Virtual_Tourist.xcdatamodel */,
			);
			currentVersion = EC5901E120C9A64800CA3388 /* Virtual_Tourist.xcdatamodel */;
			path = Virtual_Tourist.xcdatamodeld;
			sourceTree = "<group>";
			versionGroupType = wrapper.xcdatamodel;
		};
/* End XCVersionGroup section */
	};
	rootObject = EC5901CE20C9A64800CA3388 /* Project object */;
}
